// !$*UTF8*$!
{
	archiveVersion = 1;
	classes = {
	};
	objectVersion = 56;
	objects = {

/* Begin PBXBuildFile section */
		3D3B181C06053307B4A5E016 /* Pods_simbirsoft_simbirsoftUITests.framework in Frameworks */ = {isa = PBXBuildFile; fileRef = 27FAC95D8846E00F55C5FCE6 /* Pods_simbirsoft_simbirsoftUITests.framework */; };
		8A182319773CE42461C77B95 /* Pods_simbirsoftTests.framework in Frameworks */ = {isa = PBXBuildFile; fileRef = D0F346A5DAA6C08AB4A8F3A9 /* Pods_simbirsoftTests.framework */; };
		9FEBF2643AD2FA4F33735AD6 /* Pods_simbirsoft.framework in Frameworks */ = {isa = PBXBuildFile; fileRef = E910A5593C925DE031F4813E /* Pods_simbirsoft.framework */; };
		CF33AD2F2A50249D00564F9E /* AppDelegate.swift in Sources */ = {isa = PBXBuildFile; fileRef = CF33AD2E2A50249D00564F9E /* AppDelegate.swift */; };
		CF33AD312A50249D00564F9E /* SceneDelegate.swift in Sources */ = {isa = PBXBuildFile; fileRef = CF33AD302A50249D00564F9E /* SceneDelegate.swift */; };
		CF33AD392A50249D00564F9E /* simbirsoft.xcdatamodeld in Sources */ = {isa = PBXBuildFile; fileRef = CF33AD372A50249D00564F9E /* simbirsoft.xcdatamodeld */; };
		CF33AD3B2A50249E00564F9E /* Assets.xcassets in Resources */ = {isa = PBXBuildFile; fileRef = CF33AD3A2A50249E00564F9E /* Assets.xcassets */; };
		CF33AD492A50249F00564F9E /* simbirsoftInteractorTests.swift in Sources */ = {isa = PBXBuildFile; fileRef = CF33AD482A50249F00564F9E /* simbirsoftInteractorTests.swift */; };
		CF33AD532A50249F00564F9E /* simbirsoftUITests.swift in Sources */ = {isa = PBXBuildFile; fileRef = CF33AD522A50249F00564F9E /* simbirsoftUITests.swift */; };
		CF33AD552A50249F00564F9E /* simbirsoftUITestsLaunchTests.swift in Sources */ = {isa = PBXBuildFile; fileRef = CF33AD542A50249F00564F9E /* simbirsoftUITestsLaunchTests.swift */; };
		CF33AD632A5027DE00564F9E /* TaskListViewController.swift in Sources */ = {isa = PBXBuildFile; fileRef = CF33AD622A5027DE00564F9E /* TaskListViewController.swift */; };
		CF33AD652A5027E800564F9E /* TaskListPresenter.swift in Sources */ = {isa = PBXBuildFile; fileRef = CF33AD642A5027E800564F9E /* TaskListPresenter.swift */; };
		CF33AD672A5027F100564F9E /* TaskListInteractor.swift in Sources */ = {isa = PBXBuildFile; fileRef = CF33AD662A5027F100564F9E /* TaskListInteractor.swift */; };
		CF33AD692A5027FF00564F9E /* TaskListRouter.swift in Sources */ = {isa = PBXBuildFile; fileRef = CF33AD682A5027FF00564F9E /* TaskListRouter.swift */; };
		CF33AD6B2A50288900564F9E /* TaskListModuleBuilder.swift in Sources */ = {isa = PBXBuildFile; fileRef = CF33AD6A2A50288900564F9E /* TaskListModuleBuilder.swift */; };
		CF33AD6E2A502D7100564F9E /* TaskDetailModuleBuilder.swift in Sources */ = {isa = PBXBuildFile; fileRef = CF33AD6D2A502D7100564F9E /* TaskDetailModuleBuilder.swift */; };
		CF33AD702A502D7A00564F9E /* TaskDetailViewController.swift in Sources */ = {isa = PBXBuildFile; fileRef = CF33AD6F2A502D7A00564F9E /* TaskDetailViewController.swift */; };
		CF33AD722A502D8100564F9E /* TaskDetailPresenter.swift in Sources */ = {isa = PBXBuildFile; fileRef = CF33AD712A502D8100564F9E /* TaskDetailPresenter.swift */; };
		CF33AD742A502D8900564F9E /* TaskDetailInteractor.swift in Sources */ = {isa = PBXBuildFile; fileRef = CF33AD732A502D8900564F9E /* TaskDetailInteractor.swift */; };
		CF33AD762A502D9900564F9E /* TaskDetailRouter.swift in Sources */ = {isa = PBXBuildFile; fileRef = CF33AD752A502D9900564F9E /* TaskDetailRouter.swift */; };
		CF33AD7B2A502E1000564F9E /* Task.swift in Sources */ = {isa = PBXBuildFile; fileRef = CF33AD7A2A502E1000564F9E /* Task.swift */; };
		CF33AD7D2A503D4A00564F9E /* TaskTableViewCell.swift in Sources */ = {isa = PBXBuildFile; fileRef = CF33AD7C2A503D4A00564F9E /* TaskTableViewCell.swift */; };
		CF33AD802A503F7F00564F9E /* NetworkService.swift in Sources */ = {isa = PBXBuildFile; fileRef = CF33AD7F2A503F7F00564F9E /* NetworkService.swift */; };
		CFAB9B2B2A52C1DF00F36836 /* EmptyTableViewCell.swift in Sources */ = {isa = PBXBuildFile; fileRef = CFAB9B2A2A52C1DF00F36836 /* EmptyTableViewCell.swift */; };
		CFAB9B2D2A52D41C00F36836 /* tasks.json in Resources */ = {isa = PBXBuildFile; fileRef = CF33AD7E2A503E3F00564F9E /* tasks.json */; };
		CFAB9B3A2A56C61500F36836 /* NewTaskViewController.swift in Sources */ = {isa = PBXBuildFile; fileRef = CFAB9B392A56C61500F36836 /* NewTaskViewController.swift */; };
		CFAB9B3C2A56C63400F36836 /* NewTaskPresenter.swift in Sources */ = {isa = PBXBuildFile; fileRef = CFAB9B3B2A56C63400F36836 /* NewTaskPresenter.swift */; };
		CFAB9B3E2A56C63C00F36836 /* NewTaskInteractor.swift in Sources */ = {isa = PBXBuildFile; fileRef = CFAB9B3D2A56C63C00F36836 /* NewTaskInteractor.swift */; };
		CFAB9B402A56C64400F36836 /* NewTaskRouter.swift in Sources */ = {isa = PBXBuildFile; fileRef = CFAB9B3F2A56C64400F36836 /* NewTaskRouter.swift */; };
		CFAB9B422A56C64C00F36836 /* NewTaskModuleBuilder.swift in Sources */ = {isa = PBXBuildFile; fileRef = CFAB9B412A56C64C00F36836 /* NewTaskModuleBuilder.swift */; };
		CFAB9B442A56FB0E00F36836 /* DatabaseService.swift in Sources */ = {isa = PBXBuildFile; fileRef = CFAB9B432A56FB0E00F36836 /* DatabaseService.swift */; };
		CFAB9B4A2A5977C900F36836 /* MockNetworkService.swift in Sources */ = {isa = PBXBuildFile; fileRef = CFAB9B492A5977C900F36836 /* MockNetworkService.swift */; };
		CFAB9B4C2A5977DE00F36836 /* MockDatabaseService.swift in Sources */ = {isa = PBXBuildFile; fileRef = CFAB9B4B2A5977DE00F36836 /* MockDatabaseService.swift */; };
/* End PBXBuildFile section */

/* Begin PBXContainerItemProxy section */
		CF33AD452A50249F00564F9E /* PBXContainerItemProxy */ = {
			isa = PBXContainerItemProxy;
			containerPortal = CF33AD232A50249D00564F9E /* Project object */;
			proxyType = 1;
			remoteGlobalIDString = CF33AD2A2A50249D00564F9E;
			remoteInfo = simbirsoft;
		};
		CF33AD4F2A50249F00564F9E /* PBXContainerItemProxy */ = {
			isa = PBXContainerItemProxy;
			containerPortal = CF33AD232A50249D00564F9E /* Project object */;
			proxyType = 1;
			remoteGlobalIDString = CF33AD2A2A50249D00564F9E;
			remoteInfo = simbirsoft;
		};
/* End PBXContainerItemProxy section */

/* Begin PBXFileReference section */
		01C66A7C1F7B3F46F6C4F321 /* Pods-simbirsoft-simbirsoftUITests.debug.xcconfig */ = {isa = PBXFileReference; includeInIndex = 1; lastKnownFileType = text.xcconfig; name = "Pods-simbirsoft-simbirsoftUITests.debug.xcconfig"; path = "Target Support Files/Pods-simbirsoft-simbirsoftUITests/Pods-simbirsoft-simbirsoftUITests.debug.xcconfig"; sourceTree = "<group>"; };
		27FAC95D8846E00F55C5FCE6 /* Pods_simbirsoft_simbirsoftUITests.framework */ = {isa = PBXFileReference; explicitFileType = wrapper.framework; includeInIndex = 0; path = Pods_simbirsoft_simbirsoftUITests.framework; sourceTree = BUILT_PRODUCTS_DIR; };
		2C54BDD4ABEEBEFA9FA74D8F /* Pods-simbirsoft.debug.xcconfig */ = {isa = PBXFileReference; includeInIndex = 1; lastKnownFileType = text.xcconfig; name = "Pods-simbirsoft.debug.xcconfig"; path = "Target Support Files/Pods-simbirsoft/Pods-simbirsoft.debug.xcconfig"; sourceTree = "<group>"; };
		4B1996AD62E0E11A07262B45 /* Pods-simbirsoft.release.xcconfig */ = {isa = PBXFileReference; includeInIndex = 1; lastKnownFileType = text.xcconfig; name = "Pods-simbirsoft.release.xcconfig"; path = "Target Support Files/Pods-simbirsoft/Pods-simbirsoft.release.xcconfig"; sourceTree = "<group>"; };
		558FB4B9FFD3B365359C0FEF /* Pods-simbirsoftTests.debug.xcconfig */ = {isa = PBXFileReference; includeInIndex = 1; lastKnownFileType = text.xcconfig; name = "Pods-simbirsoftTests.debug.xcconfig"; path = "Target Support Files/Pods-simbirsoftTests/Pods-simbirsoftTests.debug.xcconfig"; sourceTree = "<group>"; };
		5F775D27583C3E8A5ED7B8D6 /* Pods-simbirsoft-simbirsoftUITests.release.xcconfig */ = {isa = PBXFileReference; includeInIndex = 1; lastKnownFileType = text.xcconfig; name = "Pods-simbirsoft-simbirsoftUITests.release.xcconfig"; path = "Target Support Files/Pods-simbirsoft-simbirsoftUITests/Pods-simbirsoft-simbirsoftUITests.release.xcconfig"; sourceTree = "<group>"; };
		CF33AD2B2A50249D00564F9E /* simbirsoft.app */ = {isa = PBXFileReference; explicitFileType = wrapper.application; includeInIndex = 0; path = simbirsoft.app; sourceTree = BUILT_PRODUCTS_DIR; };
		CF33AD2E2A50249D00564F9E /* AppDelegate.swift */ = {isa = PBXFileReference; lastKnownFileType = sourcecode.swift; path = AppDelegate.swift; sourceTree = "<group>"; };
		CF33AD302A50249D00564F9E /* SceneDelegate.swift */ = {isa = PBXFileReference; lastKnownFileType = sourcecode.swift; path = SceneDelegate.swift; sourceTree = "<group>"; };
		CF33AD382A50249D00564F9E /* simbirsoft.xcdatamodel */ = {isa = PBXFileReference; lastKnownFileType = wrapper.xcdatamodel; path = simbirsoft.xcdatamodel; sourceTree = "<group>"; };
		CF33AD3A2A50249E00564F9E /* Assets.xcassets */ = {isa = PBXFileReference; lastKnownFileType = folder.assetcatalog; path = Assets.xcassets; sourceTree = "<group>"; };
		CF33AD3F2A50249E00564F9E /* Info.plist */ = {isa = PBXFileReference; lastKnownFileType = text.plist.xml; path = Info.plist; sourceTree = "<group>"; };
		CF33AD442A50249F00564F9E /* simbirsoftTests.xctest */ = {isa = PBXFileReference; explicitFileType = wrapper.cfbundle; includeInIndex = 0; path = simbirsoftTests.xctest; sourceTree = BUILT_PRODUCTS_DIR; };
		CF33AD482A50249F00564F9E /* simbirsoftInteractorTests.swift */ = {isa = PBXFileReference; lastKnownFileType = sourcecode.swift; path = simbirsoftInteractorTests.swift; sourceTree = "<group>"; };
		CF33AD4E2A50249F00564F9E /* simbirsoftUITests.xctest */ = {isa = PBXFileReference; explicitFileType = wrapper.cfbundle; includeInIndex = 0; path = simbirsoftUITests.xctest; sourceTree = BUILT_PRODUCTS_DIR; };
		CF33AD522A50249F00564F9E /* simbirsoftUITests.swift */ = {isa = PBXFileReference; lastKnownFileType = sourcecode.swift; path = simbirsoftUITests.swift; sourceTree = "<group>"; };
		CF33AD542A50249F00564F9E /* simbirsoftUITestsLaunchTests.swift */ = {isa = PBXFileReference; lastKnownFileType = sourcecode.swift; path = simbirsoftUITestsLaunchTests.swift; sourceTree = "<group>"; };
		CF33AD622A5027DE00564F9E /* TaskListViewController.swift */ = {isa = PBXFileReference; lastKnownFileType = sourcecode.swift; path = TaskListViewController.swift; sourceTree = "<group>"; };
		CF33AD642A5027E800564F9E /* TaskListPresenter.swift */ = {isa = PBXFileReference; lastKnownFileType = sourcecode.swift; path = TaskListPresenter.swift; sourceTree = "<group>"; };
		CF33AD662A5027F100564F9E /* TaskListInteractor.swift */ = {isa = PBXFileReference; lastKnownFileType = sourcecode.swift; path = TaskListInteractor.swift; sourceTree = "<group>"; };
		CF33AD682A5027FF00564F9E /* TaskListRouter.swift */ = {isa = PBXFileReference; lastKnownFileType = sourcecode.swift; path = TaskListRouter.swift; sourceTree = "<group>"; };
		CF33AD6A2A50288900564F9E /* TaskListModuleBuilder.swift */ = {isa = PBXFileReference; lastKnownFileType = sourcecode.swift; path = TaskListModuleBuilder.swift; sourceTree = "<group>"; };
		CF33AD6D2A502D7100564F9E /* TaskDetailModuleBuilder.swift */ = {isa = PBXFileReference; lastKnownFileType = sourcecode.swift; path = TaskDetailModuleBuilder.swift; sourceTree = "<group>"; };
		CF33AD6F2A502D7A00564F9E /* TaskDetailViewController.swift */ = {isa = PBXFileReference; lastKnownFileType = sourcecode.swift; path = TaskDetailViewController.swift; sourceTree = "<group>"; };
		CF33AD712A502D8100564F9E /* TaskDetailPresenter.swift */ = {isa = PBXFileReference; lastKnownFileType = sourcecode.swift; path = TaskDetailPresenter.swift; sourceTree = "<group>"; };
		CF33AD732A502D8900564F9E /* TaskDetailInteractor.swift */ = {isa = PBXFileReference; lastKnownFileType = sourcecode.swift; path = TaskDetailInteractor.swift; sourceTree = "<group>"; };
		CF33AD752A502D9900564F9E /* TaskDetailRouter.swift */ = {isa = PBXFileReference; lastKnownFileType = sourcecode.swift; path = TaskDetailRouter.swift; sourceTree = "<group>"; };
		CF33AD7A2A502E1000564F9E /* Task.swift */ = {isa = PBXFileReference; lastKnownFileType = sourcecode.swift; path = Task.swift; sourceTree = "<group>"; };
		CF33AD7C2A503D4A00564F9E /* TaskTableViewCell.swift */ = {isa = PBXFileReference; lastKnownFileType = sourcecode.swift; path = TaskTableViewCell.swift; sourceTree = "<group>"; };
		CF33AD7E2A503E3F00564F9E /* tasks.json */ = {isa = PBXFileReference; lastKnownFileType = text.json; path = tasks.json; sourceTree = "<group>"; };
		CF33AD7F2A503F7F00564F9E /* NetworkService.swift */ = {isa = PBXFileReference; lastKnownFileType = sourcecode.swift; path = NetworkService.swift; sourceTree = "<group>"; };
		CFAB9B2A2A52C1DF00F36836 /* EmptyTableViewCell.swift */ = {isa = PBXFileReference; lastKnownFileType = sourcecode.swift; path = EmptyTableViewCell.swift; sourceTree = "<group>"; };
		CFAB9B392A56C61500F36836 /* NewTaskViewController.swift */ = {isa = PBXFileReference; lastKnownFileType = sourcecode.swift; path = NewTaskViewController.swift; sourceTree = "<group>"; };
		CFAB9B3B2A56C63400F36836 /* NewTaskPresenter.swift */ = {isa = PBXFileReference; lastKnownFileType = sourcecode.swift; path = NewTaskPresenter.swift; sourceTree = "<group>"; };
		CFAB9B3D2A56C63C00F36836 /* NewTaskInteractor.swift */ = {isa = PBXFileReference; lastKnownFileType = sourcecode.swift; path = NewTaskInteractor.swift; sourceTree = "<group>"; };
		CFAB9B3F2A56C64400F36836 /* NewTaskRouter.swift */ = {isa = PBXFileReference; lastKnownFileType = sourcecode.swift; path = NewTaskRouter.swift; sourceTree = "<group>"; };
		CFAB9B412A56C64C00F36836 /* NewTaskModuleBuilder.swift */ = {isa = PBXFileReference; lastKnownFileType = sourcecode.swift; path = NewTaskModuleBuilder.swift; sourceTree = "<group>"; };
		CFAB9B432A56FB0E00F36836 /* DatabaseService.swift */ = {isa = PBXFileReference; lastKnownFileType = sourcecode.swift; path = DatabaseService.swift; sourceTree = "<group>"; };
		CFAB9B492A5977C900F36836 /* MockNetworkService.swift */ = {isa = PBXFileReference; lastKnownFileType = sourcecode.swift; path = MockNetworkService.swift; sourceTree = "<group>"; };
		CFAB9B4B2A5977DE00F36836 /* MockDatabaseService.swift */ = {isa = PBXFileReference; lastKnownFileType = sourcecode.swift; path = MockDatabaseService.swift; sourceTree = "<group>"; };
		D0F346A5DAA6C08AB4A8F3A9 /* Pods_simbirsoftTests.framework */ = {isa = PBXFileReference; explicitFileType = wrapper.framework; includeInIndex = 0; path = Pods_simbirsoftTests.framework; sourceTree = BUILT_PRODUCTS_DIR; };
		DE171D3AEE38800EC7CC1271 /* Pods-simbirsoftTests.release.xcconfig */ = {isa = PBXFileReference; includeInIndex = 1; lastKnownFileType = text.xcconfig; name = "Pods-simbirsoftTests.release.xcconfig"; path = "Target Support Files/Pods-simbirsoftTests/Pods-simbirsoftTests.release.xcconfig"; sourceTree = "<group>"; };
		E910A5593C925DE031F4813E /* Pods_simbirsoft.framework */ = {isa = PBXFileReference; explicitFileType = wrapper.framework; includeInIndex = 0; path = Pods_simbirsoft.framework; sourceTree = BUILT_PRODUCTS_DIR; };
/* End PBXFileReference section */

/* Begin PBXFrameworksBuildPhase section */
		CF33AD282A50249D00564F9E /* Frameworks */ = {
			isa = PBXFrameworksBuildPhase;
			buildActionMask = 2147483647;
			files = (
				9FEBF2643AD2FA4F33735AD6 /* Pods_simbirsoft.framework in Frameworks */,
			);
			runOnlyForDeploymentPostprocessing = 0;
		};
		CF33AD412A50249F00564F9E /* Frameworks */ = {
			isa = PBXFrameworksBuildPhase;
			buildActionMask = 2147483647;
			files = (
				8A182319773CE42461C77B95 /* Pods_simbirsoftTests.framework in Frameworks */,
			);
			runOnlyForDeploymentPostprocessing = 0;
		};
		CF33AD4B2A50249F00564F9E /* Frameworks */ = {
			isa = PBXFrameworksBuildPhase;
			buildActionMask = 2147483647;
			files = (
				3D3B181C06053307B4A5E016 /* Pods_simbirsoft_simbirsoftUITests.framework in Frameworks */,
			);
			runOnlyForDeploymentPostprocessing = 0;
		};
/* End PBXFrameworksBuildPhase section */

/* Begin PBXGroup section */
		196D641AED87EFF923B4871B /* Frameworks */ = {
			isa = PBXGroup;
			children = (
				E910A5593C925DE031F4813E /* Pods_simbirsoft.framework */,
				27FAC95D8846E00F55C5FCE6 /* Pods_simbirsoft_simbirsoftUITests.framework */,
				D0F346A5DAA6C08AB4A8F3A9 /* Pods_simbirsoftTests.framework */,
			);
			name = Frameworks;
			sourceTree = "<group>";
		};
		C69F54904003DFB533D62C7F /* Pods */ = {
			isa = PBXGroup;
			children = (
				2C54BDD4ABEEBEFA9FA74D8F /* Pods-simbirsoft.debug.xcconfig */,
				4B1996AD62E0E11A07262B45 /* Pods-simbirsoft.release.xcconfig */,
				01C66A7C1F7B3F46F6C4F321 /* Pods-simbirsoft-simbirsoftUITests.debug.xcconfig */,
				5F775D27583C3E8A5ED7B8D6 /* Pods-simbirsoft-simbirsoftUITests.release.xcconfig */,
				558FB4B9FFD3B365359C0FEF /* Pods-simbirsoftTests.debug.xcconfig */,
				DE171D3AEE38800EC7CC1271 /* Pods-simbirsoftTests.release.xcconfig */,
			);
			path = Pods;
			sourceTree = "<group>";
		};
		CF33AD222A50249D00564F9E = {
			isa = PBXGroup;
			children = (
				CF33AD2D2A50249D00564F9E /* simbirsoft */,
				CF33AD472A50249F00564F9E /* simbirsoftTests */,
				CF33AD512A50249F00564F9E /* simbirsoftUITests */,
				CF33AD2C2A50249D00564F9E /* Products */,
				C69F54904003DFB533D62C7F /* Pods */,
				196D641AED87EFF923B4871B /* Frameworks */,
			);
			sourceTree = "<group>";
		};
		CF33AD2C2A50249D00564F9E /* Products */ = {
			isa = PBXGroup;
			children = (
				CF33AD2B2A50249D00564F9E /* simbirsoft.app */,
				CF33AD442A50249F00564F9E /* simbirsoftTests.xctest */,
				CF33AD4E2A50249F00564F9E /* simbirsoftUITests.xctest */,
			);
			name = Products;
			sourceTree = "<group>";
		};
		CF33AD2D2A50249D00564F9E /* simbirsoft */ = {
			isa = PBXGroup;
			children = (
				CFAB9B382A56C5F900F36836 /* NewTaskModule */,
				CF33AD7E2A503E3F00564F9E /* tasks.json */,
				CF33AD792A502DD800564F9E /* Resources */,
				CF33AD782A502DD000564F9E /* Services */,
				CF33AD772A502DC400564F9E /* Entity */,
				CF33AD6C2A502D5D00564F9E /* TaskDetailModule */,
				CF33AD612A50263600564F9E /* TaskListModule */,
				CF33AD3A2A50249E00564F9E /* Assets.xcassets */,
				CF33AD3F2A50249E00564F9E /* Info.plist */,
				CF33AD372A50249D00564F9E /* simbirsoft.xcdatamodeld */,
			);
			path = simbirsoft;
			sourceTree = "<group>";
		};
		CF33AD472A50249F00564F9E /* simbirsoftTests */ = {
			isa = PBXGroup;
			children = (
				CF33AD482A50249F00564F9E /* simbirsoftInteractorTests.swift */,
				CFAB9B492A5977C900F36836 /* MockNetworkService.swift */,
				CFAB9B4B2A5977DE00F36836 /* MockDatabaseService.swift */,
			);
			path = simbirsoftTests;
			sourceTree = "<group>";
		};
		CF33AD512A50249F00564F9E /* simbirsoftUITests */ = {
			isa = PBXGroup;
			children = (
				CF33AD522A50249F00564F9E /* simbirsoftUITests.swift */,
				CF33AD542A50249F00564F9E /* simbirsoftUITestsLaunchTests.swift */,
			);
			path = simbirsoftUITests;
			sourceTree = "<group>";
		};
		CF33AD612A50263600564F9E /* TaskListModule */ = {
			isa = PBXGroup;
			children = (
				CFAB9B332A56C54C00F36836 /* Router */,
				CFAB9B322A56C54400F36836 /* Interactor */,
				CFAB9B312A56C53C00F36836 /* Presenter */,
				CFAB9B302A56C53100F36836 /* ViewController */,
				CFAB9B2C2A52C1FF00F36836 /* Cell */,
				CF33AD6A2A50288900564F9E /* TaskListModuleBuilder.swift */,
			);
			path = TaskListModule;
			sourceTree = "<group>";
		};
		CF33AD6C2A502D5D00564F9E /* TaskDetailModule */ = {
			isa = PBXGroup;
			children = (
				CFAB9B372A56C57900F36836 /* Router */,
				CFAB9B362A56C56F00F36836 /* Presenter */,
				CFAB9B352A56C56600F36836 /* Interactor */,
				CFAB9B342A56C55D00F36836 /* ViewController */,
				CF33AD6D2A502D7100564F9E /* TaskDetailModuleBuilder.swift */,
			);
			path = TaskDetailModule;
			sourceTree = "<group>";
		};
		CF33AD772A502DC400564F9E /* Entity */ = {
			isa = PBXGroup;
			children = (
				CF33AD7A2A502E1000564F9E /* Task.swift */,
			);
			path = Entity;
			sourceTree = "<group>";
		};
		CF33AD782A502DD000564F9E /* Services */ = {
			isa = PBXGroup;
			children = (
				CF33AD7F2A503F7F00564F9E /* NetworkService.swift */,
				CFAB9B432A56FB0E00F36836 /* DatabaseService.swift */,
			);
			path = Services;
			sourceTree = "<group>";
		};
		CF33AD792A502DD800564F9E /* Resources */ = {
			isa = PBXGroup;
			children = (
				CF33AD2E2A50249D00564F9E /* AppDelegate.swift */,
				CF33AD302A50249D00564F9E /* SceneDelegate.swift */,
			);
			path = Resources;
			sourceTree = "<group>";
		};
		CFAB9B2C2A52C1FF00F36836 /* Cell */ = {
			isa = PBXGroup;
			children = (
				CF33AD7C2A503D4A00564F9E /* TaskTableViewCell.swift */,
				CFAB9B2A2A52C1DF00F36836 /* EmptyTableViewCell.swift */,
			);
			path = Cell;
			sourceTree = "<group>";
		};
		CFAB9B302A56C53100F36836 /* ViewController */ = {
			isa = PBXGroup;
			children = (
				CF33AD622A5027DE00564F9E /* TaskListViewController.swift */,
			);
			path = ViewController;
			sourceTree = "<group>";
		};
		CFAB9B312A56C53C00F36836 /* Presenter */ = {
			isa = PBXGroup;
			children = (
				CF33AD642A5027E800564F9E /* TaskListPresenter.swift */,
			);
			path = Presenter;
			sourceTree = "<group>";
		};
		CFAB9B322A56C54400F36836 /* Interactor */ = {
			isa = PBXGroup;
			children = (
				CF33AD662A5027F100564F9E /* TaskListInteractor.swift */,
			);
			path = Interactor;
			sourceTree = "<group>";
		};
		CFAB9B332A56C54C00F36836 /* Router */ = {
			isa = PBXGroup;
			children = (
				CF33AD682A5027FF00564F9E /* TaskListRouter.swift */,
			);
			path = Router;
			sourceTree = "<group>";
		};
		CFAB9B342A56C55D00F36836 /* ViewController */ = {
			isa = PBXGroup;
			children = (
				CF33AD6F2A502D7A00564F9E /* TaskDetailViewController.swift */,
			);
			path = ViewController;
			sourceTree = "<group>";
		};
		CFAB9B352A56C56600F36836 /* Interactor */ = {
			isa = PBXGroup;
			children = (
				CF33AD732A502D8900564F9E /* TaskDetailInteractor.swift */,
			);
			path = Interactor;
			sourceTree = "<group>";
		};
		CFAB9B362A56C56F00F36836 /* Presenter */ = {
			isa = PBXGroup;
			children = (
				CF33AD712A502D8100564F9E /* TaskDetailPresenter.swift */,
			);
			path = Presenter;
			sourceTree = "<group>";
		};
		CFAB9B372A56C57900F36836 /* Router */ = {
			isa = PBXGroup;
			children = (
				CF33AD752A502D9900564F9E /* TaskDetailRouter.swift */,
			);
			path = Router;
			sourceTree = "<group>";
		};
		CFAB9B382A56C5F900F36836 /* NewTaskModule */ = {
			isa = PBXGroup;
			children = (
				CFAB9B482A57050B00F36836 /* Router */,
				CFAB9B472A57050500F36836 /* Interactor */,
				CFAB9B462A5704FF00F36836 /* Presenter */,
				CFAB9B452A5704F700F36836 /* ViewController */,
				CFAB9B412A56C64C00F36836 /* NewTaskModuleBuilder.swift */,
			);
			path = NewTaskModule;
			sourceTree = "<group>";
		};
		CFAB9B452A5704F700F36836 /* ViewController */ = {
			isa = PBXGroup;
			children = (
				CFAB9B392A56C61500F36836 /* NewTaskViewController.swift */,
			);
			path = ViewController;
			sourceTree = "<group>";
		};
		CFAB9B462A5704FF00F36836 /* Presenter */ = {
			isa = PBXGroup;
			children = (
				CFAB9B3B2A56C63400F36836 /* NewTaskPresenter.swift */,
			);
			path = Presenter;
			sourceTree = "<group>";
		};
		CFAB9B472A57050500F36836 /* Interactor */ = {
			isa = PBXGroup;
			children = (
				CFAB9B3D2A56C63C00F36836 /* NewTaskInteractor.swift */,
			);
			path = Interactor;
			sourceTree = "<group>";
		};
		CFAB9B482A57050B00F36836 /* Router */ = {
			isa = PBXGroup;
			children = (
				CFAB9B3F2A56C64400F36836 /* NewTaskRouter.swift */,
			);
			path = Router;
			sourceTree = "<group>";
		};
/* End PBXGroup section */

/* Begin PBXNativeTarget section */
		CF33AD2A2A50249D00564F9E /* simbirsoft */ = {
			isa = PBXNativeTarget;
			buildConfigurationList = CF33AD582A50249F00564F9E /* Build configuration list for PBXNativeTarget "simbirsoft" */;
			buildPhases = (
				14897BAE546BA6E40F4B8013 /* [CP] Check Pods Manifest.lock */,
				CF33AD272A50249D00564F9E /* Sources */,
				CF33AD282A50249D00564F9E /* Frameworks */,
				CF33AD292A50249D00564F9E /* Resources */,
				2A2AB06E73F38AD0F3F07B70 /* [CP] Embed Pods Frameworks */,
			);
			buildRules = (
			);
			dependencies = (
			);
			name = simbirsoft;
			productName = simbirsoft;
			productReference = CF33AD2B2A50249D00564F9E /* simbirsoft.app */;
			productType = "com.apple.product-type.application";
		};
		CF33AD432A50249F00564F9E /* simbirsoftTests */ = {
			isa = PBXNativeTarget;
			buildConfigurationList = CF33AD5B2A50249F00564F9E /* Build configuration list for PBXNativeTarget "simbirsoftTests" */;
			buildPhases = (
				3833F36F8AF947C076B91FF8 /* [CP] Check Pods Manifest.lock */,
				CF33AD402A50249F00564F9E /* Sources */,
				CF33AD412A50249F00564F9E /* Frameworks */,
				CF33AD422A50249F00564F9E /* Resources */,
			);
			buildRules = (
			);
			dependencies = (
				CF33AD462A50249F00564F9E /* PBXTargetDependency */,
			);
			name = simbirsoftTests;
			productName = simbirsoftTests;
			productReference = CF33AD442A50249F00564F9E /* simbirsoftTests.xctest */;
			productType = "com.apple.product-type.bundle.unit-test";
		};
		CF33AD4D2A50249F00564F9E /* simbirsoftUITests */ = {
			isa = PBXNativeTarget;
			buildConfigurationList = CF33AD5E2A50249F00564F9E /* Build configuration list for PBXNativeTarget "simbirsoftUITests" */;
			buildPhases = (
				85DD12B1B5BAD4E55AF8CC5E /* [CP] Check Pods Manifest.lock */,
				CF33AD4A2A50249F00564F9E /* Sources */,
				CF33AD4B2A50249F00564F9E /* Frameworks */,
				CF33AD4C2A50249F00564F9E /* Resources */,
				C2D9E79DBADD3FE4264ACC9D /* [CP] Embed Pods Frameworks */,
			);
			buildRules = (
			);
			dependencies = (
				CF33AD502A50249F00564F9E /* PBXTargetDependency */,
			);
			name = simbirsoftUITests;
			productName = simbirsoftUITests;
			productReference = CF33AD4E2A50249F00564F9E /* simbirsoftUITests.xctest */;
			productType = "com.apple.product-type.bundle.ui-testing";
		};
/* End PBXNativeTarget section */

/* Begin PBXProject section */
		CF33AD232A50249D00564F9E /* Project object */ = {
			isa = PBXProject;
			attributes = {
				BuildIndependentTargetsInParallel = 1;
				LastSwiftUpdateCheck = 1430;
				LastUpgradeCheck = 1430;
				TargetAttributes = {
					CF33AD2A2A50249D00564F9E = {
						CreatedOnToolsVersion = 14.3;
					};
					CF33AD432A50249F00564F9E = {
						CreatedOnToolsVersion = 14.3;
						TestTargetID = CF33AD2A2A50249D00564F9E;
					};
					CF33AD4D2A50249F00564F9E = {
						CreatedOnToolsVersion = 14.3;
						TestTargetID = CF33AD2A2A50249D00564F9E;
					};
				};
			};
			buildConfigurationList = CF33AD262A50249D00564F9E /* Build configuration list for PBXProject "simbirsoft" */;
			compatibilityVersion = "Xcode 14.0";
			developmentRegion = en;
			hasScannedForEncodings = 0;
			knownRegions = (
				en,
				Base,
			);
			mainGroup = CF33AD222A50249D00564F9E;
			productRefGroup = CF33AD2C2A50249D00564F9E /* Products */;
			projectDirPath = "";
			projectRoot = "";
			targets = (
				CF33AD2A2A50249D00564F9E /* simbirsoft */,
				CF33AD432A50249F00564F9E /* simbirsoftTests */,
				CF33AD4D2A50249F00564F9E /* simbirsoftUITests */,
			);
		};
/* End PBXProject section */

/* Begin PBXResourcesBuildPhase section */
		CF33AD292A50249D00564F9E /* Resources */ = {
			isa = PBXResourcesBuildPhase;
			buildActionMask = 2147483647;
			files = (
				CFAB9B2D2A52D41C00F36836 /* tasks.json in Resources */,
				CF33AD3B2A50249E00564F9E /* Assets.xcassets in Resources */,
			);
			runOnlyForDeploymentPostprocessing = 0;
		};
		CF33AD422A50249F00564F9E /* Resources */ = {
			isa = PBXResourcesBuildPhase;
			buildActionMask = 2147483647;
			files = (
			);
			runOnlyForDeploymentPostprocessing = 0;
		};
		CF33AD4C2A50249F00564F9E /* Resources */ = {
			isa = PBXResourcesBuildPhase;
			buildActionMask = 2147483647;
			files = (
			);
			runOnlyForDeploymentPostprocessing = 0;
		};
/* End PBXResourcesBuildPhase section */

/* Begin PBXShellScriptBuildPhase section */
		14897BAE546BA6E40F4B8013 /* [CP] Check Pods Manifest.lock */ = {
			isa = PBXShellScriptBuildPhase;
			buildActionMask = 2147483647;
			files = (
			);
			inputFileListPaths = (
			);
			inputPaths = (
				"${PODS_PODFILE_DIR_PATH}/Podfile.lock",
				"${PODS_ROOT}/Manifest.lock",
			);
			name = "[CP] Check Pods Manifest.lock";
			outputFileListPaths = (
			);
			outputPaths = (
				"$(DERIVED_FILE_DIR)/Pods-simbirsoft-checkManifestLockResult.txt",
			);
			runOnlyForDeploymentPostprocessing = 0;
			shellPath = /bin/sh;
			shellScript = "diff \"${PODS_PODFILE_DIR_PATH}/Podfile.lock\" \"${PODS_ROOT}/Manifest.lock\" > /dev/null\nif [ $? != 0 ] ; then\n    # print error to STDERR\n    echo \"error: The sandbox is not in sync with the Podfile.lock. Run 'pod install' or update your CocoaPods installation.\" >&2\n    exit 1\nfi\n# This output is used by Xcode 'outputs' to avoid re-running this script phase.\necho \"SUCCESS\" > \"${SCRIPT_OUTPUT_FILE_0}\"\n";
			showEnvVarsInLog = 0;
		};
		2A2AB06E73F38AD0F3F07B70 /* [CP] Embed Pods Frameworks */ = {
			isa = PBXShellScriptBuildPhase;
			buildActionMask = 2147483647;
			files = (
			);
			inputFileListPaths = (
				"${PODS_ROOT}/Target Support Files/Pods-simbirsoft/Pods-simbirsoft-frameworks-${CONFIGURATION}-input-files.xcfilelist",
			);
			name = "[CP] Embed Pods Frameworks";
			outputFileListPaths = (
				"${PODS_ROOT}/Target Support Files/Pods-simbirsoft/Pods-simbirsoft-frameworks-${CONFIGURATION}-output-files.xcfilelist",
			);
			runOnlyForDeploymentPostprocessing = 0;
			shellPath = /bin/sh;
			shellScript = "\"${PODS_ROOT}/Target Support Files/Pods-simbirsoft/Pods-simbirsoft-frameworks.sh\"\n";
			showEnvVarsInLog = 0;
		};
		3833F36F8AF947C076B91FF8 /* [CP] Check Pods Manifest.lock */ = {
			isa = PBXShellScriptBuildPhase;
			buildActionMask = 2147483647;
			files = (
			);
			inputFileListPaths = (
			);
			inputPaths = (
				"${PODS_PODFILE_DIR_PATH}/Podfile.lock",
				"${PODS_ROOT}/Manifest.lock",
			);
			name = "[CP] Check Pods Manifest.lock";
			outputFileListPaths = (
			);
			outputPaths = (
				"$(DERIVED_FILE_DIR)/Pods-simbirsoftTests-checkManifestLockResult.txt",
			);
			runOnlyForDeploymentPostprocessing = 0;
			shellPath = /bin/sh;
			shellScript = "diff \"${PODS_PODFILE_DIR_PATH}/Podfile.lock\" \"${PODS_ROOT}/Manifest.lock\" > /dev/null\nif [ $? != 0 ] ; then\n    # print error to STDERR\n    echo \"error: The sandbox is not in sync with the Podfile.lock. Run 'pod install' or update your CocoaPods installation.\" >&2\n    exit 1\nfi\n# This output is used by Xcode 'outputs' to avoid re-running this script phase.\necho \"SUCCESS\" > \"${SCRIPT_OUTPUT_FILE_0}\"\n";
			showEnvVarsInLog = 0;
		};
		85DD12B1B5BAD4E55AF8CC5E /* [CP] Check Pods Manifest.lock */ = {
			isa = PBXShellScriptBuildPhase;
			buildActionMask = 2147483647;
			files = (
			);
			inputFileListPaths = (
			);
			inputPaths = (
				"${PODS_PODFILE_DIR_PATH}/Podfile.lock",
				"${PODS_ROOT}/Manifest.lock",
			);
			name = "[CP] Check Pods Manifest.lock";
			outputFileListPaths = (
			);
			outputPaths = (
				"$(DERIVED_FILE_DIR)/Pods-simbirsoft-simbirsoftUITests-checkManifestLockResult.txt",
			);
			runOnlyForDeploymentPostprocessing = 0;
			shellPath = /bin/sh;
			shellScript = "diff \"${PODS_PODFILE_DIR_PATH}/Podfile.lock\" \"${PODS_ROOT}/Manifest.lock\" > /dev/null\nif [ $? != 0 ] ; then\n    # print error to STDERR\n    echo \"error: The sandbox is not in sync with the Podfile.lock. Run 'pod install' or update your CocoaPods installation.\" >&2\n    exit 1\nfi\n# This output is used by Xcode 'outputs' to avoid re-running this script phase.\necho \"SUCCESS\" > \"${SCRIPT_OUTPUT_FILE_0}\"\n";
			showEnvVarsInLog = 0;
		};
		C2D9E79DBADD3FE4264ACC9D /* [CP] Embed Pods Frameworks */ = {
			isa = PBXShellScriptBuildPhase;
			buildActionMask = 2147483647;
			files = (
			);
			inputFileListPaths = (
				"${PODS_ROOT}/Target Support Files/Pods-simbirsoft-simbirsoftUITests/Pods-simbirsoft-simbirsoftUITests-frameworks-${CONFIGURATION}-input-files.xcfilelist",
			);
			name = "[CP] Embed Pods Frameworks";
			outputFileListPaths = (
				"${PODS_ROOT}/Target Support Files/Pods-simbirsoft-simbirsoftUITests/Pods-simbirsoft-simbirsoftUITests-frameworks-${CONFIGURATION}-output-files.xcfilelist",
			);
			runOnlyForDeploymentPostprocessing = 0;
			shellPath = /bin/sh;
			shellScript = "\"${PODS_ROOT}/Target Support Files/Pods-simbirsoft-simbirsoftUITests/Pods-simbirsoft-simbirsoftUITests-frameworks.sh\"\n";
			showEnvVarsInLog = 0;
		};
/* End PBXShellScriptBuildPhase section */

/* Begin PBXSourcesBuildPhase section */
		CF33AD272A50249D00564F9E /* Sources */ = {
			isa = PBXSourcesBuildPhase;
			buildActionMask = 2147483647;
			files = (
				CF33AD392A50249D00564F9E /* simbirsoft.xcdatamodeld in Sources */,
				CFAB9B402A56C64400F36836 /* NewTaskRouter.swift in Sources */,
				CF33AD2F2A50249D00564F9E /* AppDelegate.swift in Sources */,
				CF33AD7D2A503D4A00564F9E /* TaskTableViewCell.swift in Sources */,
				CF33AD6B2A50288900564F9E /* TaskListModuleBuilder.swift in Sources */,
				CFAB9B422A56C64C00F36836 /* NewTaskModuleBuilder.swift in Sources */,
				CF33AD312A50249D00564F9E /* SceneDelegate.swift in Sources */,
				CF33AD762A502D9900564F9E /* TaskDetailRouter.swift in Sources */,
				CFAB9B3E2A56C63C00F36836 /* NewTaskInteractor.swift in Sources */,
				CF33AD702A502D7A00564F9E /* TaskDetailViewController.swift in Sources */,
				CF33AD6E2A502D7100564F9E /* TaskDetailModuleBuilder.swift in Sources */,
				CF33AD742A502D8900564F9E /* TaskDetailInteractor.swift in Sources */,
				CF33AD632A5027DE00564F9E /* TaskListViewController.swift in Sources */,
				CF33AD802A503F7F00564F9E /* NetworkService.swift in Sources */,
				CF33AD652A5027E800564F9E /* TaskListPresenter.swift in Sources */,
				CF33AD722A502D8100564F9E /* TaskDetailPresenter.swift in Sources */,
				CF33AD672A5027F100564F9E /* TaskListInteractor.swift in Sources */,
				CFAB9B2B2A52C1DF00F36836 /* EmptyTableViewCell.swift in Sources */,
				CFAB9B442A56FB0E00F36836 /* DatabaseService.swift in Sources */,
				CFAB9B3C2A56C63400F36836 /* NewTaskPresenter.swift in Sources */,
				CFAB9B3A2A56C61500F36836 /* NewTaskViewController.swift in Sources */,
				CF33AD7B2A502E1000564F9E /* Task.swift in Sources */,
				CF33AD692A5027FF00564F9E /* TaskListRouter.swift in Sources */,
			);
			runOnlyForDeploymentPostprocessing = 0;
		};
		CF33AD402A50249F00564F9E /* Sources */ = {
			isa = PBXSourcesBuildPhase;
			buildActionMask = 2147483647;
			files = (
				CFAB9B4C2A5977DE00F36836 /* MockDatabaseService.swift in Sources */,
				CFAB9B4A2A5977C900F36836 /* MockNetworkService.swift in Sources */,
				CF33AD492A50249F00564F9E /* simbirsoftInteractorTests.swift in Sources */,
			);
			runOnlyForDeploymentPostprocessing = 0;
		};
		CF33AD4A2A50249F00564F9E /* Sources */ = {
			isa = PBXSourcesBuildPhase;
			buildActionMask = 2147483647;
			files = (
				CF33AD552A50249F00564F9E /* simbirsoftUITestsLaunchTests.swift in Sources */,
				CF33AD532A50249F00564F9E /* simbirsoftUITests.swift in Sources */,
			);
			runOnlyForDeploymentPostprocessing = 0;
		};
/* End PBXSourcesBuildPhase section */

/* Begin PBXTargetDependency section */
		CF33AD462A50249F00564F9E /* PBXTargetDependency */ = {
			isa = PBXTargetDependency;
			target = CF33AD2A2A50249D00564F9E /* simbirsoft */;
			targetProxy = CF33AD452A50249F00564F9E /* PBXContainerItemProxy */;
		};
		CF33AD502A50249F00564F9E /* PBXTargetDependency */ = {
			isa = PBXTargetDependency;
			target = CF33AD2A2A50249D00564F9E /* simbirsoft */;
			targetProxy = CF33AD4F2A50249F00564F9E /* PBXContainerItemProxy */;
		};
/* End PBXTargetDependency section */

/* Begin XCBuildConfiguration section */
		CF33AD562A50249F00564F9E /* Debug */ = {
			isa = XCBuildConfiguration;
			buildSettings = {
				ALWAYS_SEARCH_USER_PATHS = NO;
				CLANG_ANALYZER_NONNULL = YES;
				CLANG_ANALYZER_NUMBER_OBJECT_CONVERSION = YES_AGGRESSIVE;
				CLANG_CXX_LANGUAGE_STANDARD = "gnu++20";
				CLANG_ENABLE_MODULES = YES;
				CLANG_ENABLE_OBJC_ARC = YES;
				CLANG_ENABLE_OBJC_WEAK = YES;
				CLANG_WARN_BLOCK_CAPTURE_AUTORELEASING = YES;
				CLANG_WARN_BOOL_CONVERSION = YES;
				CLANG_WARN_COMMA = YES;
				CLANG_WARN_CONSTANT_CONVERSION = YES;
				CLANG_WARN_DEPRECATED_OBJC_IMPLEMENTATIONS = YES;
				CLANG_WARN_DIRECT_OBJC_ISA_USAGE = YES_ERROR;
				CLANG_WARN_DOCUMENTATION_COMMENTS = YES;
				CLANG_WARN_EMPTY_BODY = YES;
				CLANG_WARN_ENUM_CONVERSION = YES;
				CLANG_WARN_INFINITE_RECURSION = YES;
				CLANG_WARN_INT_CONVERSION = YES;
				CLANG_WARN_NON_LITERAL_NULL_CONVERSION = YES;
				CLANG_WARN_OBJC_IMPLICIT_RETAIN_SELF = YES;
				CLANG_WARN_OBJC_LITERAL_CONVERSION = YES;
				CLANG_WARN_OBJC_ROOT_CLASS = YES_ERROR;
				CLANG_WARN_QUOTED_INCLUDE_IN_FRAMEWORK_HEADER = YES;
				CLANG_WARN_RANGE_LOOP_ANALYSIS = YES;
				CLANG_WARN_STRICT_PROTOTYPES = YES;
				CLANG_WARN_SUSPICIOUS_MOVE = YES;
				CLANG_WARN_UNGUARDED_AVAILABILITY = YES_AGGRESSIVE;
				CLANG_WARN_UNREACHABLE_CODE = YES;
				CLANG_WARN__DUPLICATE_METHOD_MATCH = YES;
				COPY_PHASE_STRIP = NO;
				DEBUG_INFORMATION_FORMAT = dwarf;
				ENABLE_STRICT_OBJC_MSGSEND = YES;
				ENABLE_TESTABILITY = YES;
				GCC_C_LANGUAGE_STANDARD = gnu11;
				GCC_DYNAMIC_NO_PIC = NO;
				GCC_NO_COMMON_BLOCKS = YES;
				GCC_OPTIMIZATION_LEVEL = 0;
				GCC_PREPROCESSOR_DEFINITIONS = (
					"DEBUG=1",
					"$(inherited)",
				);
				GCC_WARN_64_TO_32_BIT_CONVERSION = YES;
				GCC_WARN_ABOUT_RETURN_TYPE = YES_ERROR;
				GCC_WARN_UNDECLARED_SELECTOR = YES;
				GCC_WARN_UNINITIALIZED_AUTOS = YES_AGGRESSIVE;
				GCC_WARN_UNUSED_FUNCTION = YES;
				GCC_WARN_UNUSED_VARIABLE = YES;
				IPHONEOS_DEPLOYMENT_TARGET = 16.4;
				MTL_ENABLE_DEBUG_INFO = INCLUDE_SOURCE;
				MTL_FAST_MATH = YES;
				ONLY_ACTIVE_ARCH = YES;
				SDKROOT = iphoneos;
				SWIFT_ACTIVE_COMPILATION_CONDITIONS = DEBUG;
				SWIFT_OPTIMIZATION_LEVEL = "-Onone";
			};
			name = Debug;
		};
		CF33AD572A50249F00564F9E /* Release */ = {
			isa = XCBuildConfiguration;
			buildSettings = {
				ALWAYS_SEARCH_USER_PATHS = NO;
				CLANG_ANALYZER_NONNULL = YES;
				CLANG_ANALYZER_NUMBER_OBJECT_CONVERSION = YES_AGGRESSIVE;
				CLANG_CXX_LANGUAGE_STANDARD = "gnu++20";
				CLANG_ENABLE_MODULES = YES;
				CLANG_ENABLE_OBJC_ARC = YES;
				CLANG_ENABLE_OBJC_WEAK = YES;
				CLANG_WARN_BLOCK_CAPTURE_AUTORELEASING = YES;
				CLANG_WARN_BOOL_CONVERSION = YES;
				CLANG_WARN_COMMA = YES;
				CLANG_WARN_CONSTANT_CONVERSION = YES;
				CLANG_WARN_DEPRECATED_OBJC_IMPLEMENTATIONS = YES;
				CLANG_WARN_DIRECT_OBJC_ISA_USAGE = YES_ERROR;
				CLANG_WARN_DOCUMENTATION_COMMENTS = YES;
				CLANG_WARN_EMPTY_BODY = YES;
				CLANG_WARN_ENUM_CONVERSION = YES;
				CLANG_WARN_INFINITE_RECURSION = YES;
				CLANG_WARN_INT_CONVERSION = YES;
				CLANG_WARN_NON_LITERAL_NULL_CONVERSION = YES;
				CLANG_WARN_OBJC_IMPLICIT_RETAIN_SELF = YES;
				CLANG_WARN_OBJC_LITERAL_CONVERSION = YES;
				CLANG_WARN_OBJC_ROOT_CLASS = YES_ERROR;
				CLANG_WARN_QUOTED_INCLUDE_IN_FRAMEWORK_HEADER = YES;
				CLANG_WARN_RANGE_LOOP_ANALYSIS = YES;
				CLANG_WARN_STRICT_PROTOTYPES = YES;
				CLANG_WARN_SUSPICIOUS_MOVE = YES;
				CLANG_WARN_UNGUARDED_AVAILABILITY = YES_AGGRESSIVE;
				CLANG_WARN_UNREACHABLE_CODE = YES;
				CLANG_WARN__DUPLICATE_METHOD_MATCH = YES;
				COPY_PHASE_STRIP = NO;
				DEBUG_INFORMATION_FORMAT = "dwarf-with-dsym";
				ENABLE_NS_ASSERTIONS = NO;
				ENABLE_STRICT_OBJC_MSGSEND = YES;
				GCC_C_LANGUAGE_STANDARD = gnu11;
				GCC_NO_COMMON_BLOCKS = YES;
				GCC_WARN_64_TO_32_BIT_CONVERSION = YES;
				GCC_WARN_ABOUT_RETURN_TYPE = YES_ERROR;
				GCC_WARN_UNDECLARED_SELECTOR = YES;
				GCC_WARN_UNINITIALIZED_AUTOS = YES_AGGRESSIVE;
				GCC_WARN_UNUSED_FUNCTION = YES;
				GCC_WARN_UNUSED_VARIABLE = YES;
				IPHONEOS_DEPLOYMENT_TARGET = 16.4;
				MTL_ENABLE_DEBUG_INFO = NO;
				MTL_FAST_MATH = YES;
				SDKROOT = iphoneos;
				SWIFT_COMPILATION_MODE = wholemodule;
				SWIFT_OPTIMIZATION_LEVEL = "-O";
				VALIDATE_PRODUCT = YES;
			};
			name = Release;
		};
		CF33AD592A50249F00564F9E /* Debug */ = {
			isa = XCBuildConfiguration;
			baseConfigurationReference = 2C54BDD4ABEEBEFA9FA74D8F /* Pods-simbirsoft.debug.xcconfig */;
			buildSettings = {
				ASSETCATALOG_COMPILER_APPICON_NAME = AppIcon;
				ASSETCATALOG_COMPILER_GLOBAL_ACCENT_COLOR_NAME = AccentColor;
				CODE_SIGN_STYLE = Automatic;
				CURRENT_PROJECT_VERSION = 1;
				DEVELOPMENT_TEAM = 5NAKQ28539;
				GENERATE_INFOPLIST_FILE = YES;
				INFOPLIST_FILE = simbirsoft/Info.plist;
				INFOPLIST_KEY_UIApplicationSupportsIndirectInputEvents = YES;
				INFOPLIST_KEY_UILaunchStoryboardName = LaunchScreen;
				INFOPLIST_KEY_UISupportedInterfaceOrientations_iPad = "UIInterfaceOrientationPortrait UIInterfaceOrientationPortraitUpsideDown UIInterfaceOrientationLandscapeLeft UIInterfaceOrientationLandscapeRight";
				INFOPLIST_KEY_UISupportedInterfaceOrientations_iPhone = "UIInterfaceOrientationPortrait UIInterfaceOrientationLandscapeLeft UIInterfaceOrientationLandscapeRight";
				IPHONEOS_DEPLOYMENT_TARGET = 12.0;
				LD_RUNPATH_SEARCH_PATHS = (
					"$(inherited)",
					"@executable_path/Frameworks",
				);
				MARKETING_VERSION = 1.0;
				PRODUCT_BUNDLE_IDENTIFIER = "com.vigvamcev-media.simbirsoft";
				PRODUCT_NAME = "$(TARGET_NAME)";
				SWIFT_EMIT_LOC_STRINGS = YES;
				SWIFT_VERSION = 5.0;
				TARGETED_DEVICE_FAMILY = "1,2";
			};
			name = Debug;
		};
		CF33AD5A2A50249F00564F9E /* Release */ = {
			isa = XCBuildConfiguration;
			baseConfigurationReference = 4B1996AD62E0E11A07262B45 /* Pods-simbirsoft.release.xcconfig */;
			buildSettings = {
				ASSETCATALOG_COMPILER_APPICON_NAME = AppIcon;
				ASSETCATALOG_COMPILER_GLOBAL_ACCENT_COLOR_NAME = AccentColor;
				CODE_SIGN_STYLE = Automatic;
				CURRENT_PROJECT_VERSION = 1;
				DEVELOPMENT_TEAM = 5NAKQ28539;
				GENERATE_INFOPLIST_FILE = YES;
				INFOPLIST_FILE = simbirsoft/Info.plist;
				INFOPLIST_KEY_UIApplicationSupportsIndirectInputEvents = YES;
				INFOPLIST_KEY_UILaunchStoryboardName = LaunchScreen;
				INFOPLIST_KEY_UISupportedInterfaceOrientations_iPad = "UIInterfaceOrientationPortrait UIInterfaceOrientationPortraitUpsideDown UIInterfaceOrientationLandscapeLeft UIInterfaceOrientationLandscapeRight";
				INFOPLIST_KEY_UISupportedInterfaceOrientations_iPhone = "UIInterfaceOrientationPortrait UIInterfaceOrientationLandscapeLeft UIInterfaceOrientationLandscapeRight";
				IPHONEOS_DEPLOYMENT_TARGET = 12.0;
				LD_RUNPATH_SEARCH_PATHS = (
					"$(inherited)",
					"@executable_path/Frameworks",
				);
				MARKETING_VERSION = 1.0;
				PRODUCT_BUNDLE_IDENTIFIER = "com.vigvamcev-media.simbirsoft";
				PRODUCT_NAME = "$(TARGET_NAME)";
				SWIFT_EMIT_LOC_STRINGS = YES;
				SWIFT_VERSION = 5.0;
				TARGETED_DEVICE_FAMILY = "1,2";
			};
			name = Release;
		};
		CF33AD5C2A50249F00564F9E /* Debug */ = {
			isa = XCBuildConfiguration;
			baseConfigurationReference = 558FB4B9FFD3B365359C0FEF /* Pods-simbirsoftTests.debug.xcconfig */;
			buildSettings = {
				ALWAYS_EMBED_SWIFT_STANDARD_LIBRARIES = YES;
				BUNDLE_LOADER = "$(TEST_HOST)";
				CODE_SIGN_STYLE = Automatic;
				CURRENT_PROJECT_VERSION = 1;
				DEVELOPMENT_TEAM = 5NAKQ28539;
				GENERATE_INFOPLIST_FILE = YES;
				IPHONEOS_DEPLOYMENT_TARGET = 16.4;
				MARKETING_VERSION = 1.0;
				PRODUCT_BUNDLE_IDENTIFIER = "com.vigvamcev-media.simbirsoftTests";
				PRODUCT_NAME = "$(TARGET_NAME)";
				SWIFT_EMIT_LOC_STRINGS = NO;
				SWIFT_VERSION = 5.0;
				TARGETED_DEVICE_FAMILY = "1,2";
				TEST_HOST = "$(BUILT_PRODUCTS_DIR)/simbirsoft.app/$(BUNDLE_EXECUTABLE_FOLDER_PATH)/simbirsoft";
			};
			name = Debug;
		};
		CF33AD5D2A50249F00564F9E /* Release */ = {
			isa = XCBuildConfiguration;
			baseConfigurationReference = DE171D3AEE38800EC7CC1271 /* Pods-simbirsoftTests.release.xcconfig */;
			buildSettings = {
				ALWAYS_EMBED_SWIFT_STANDARD_LIBRARIES = YES;
				BUNDLE_LOADER = "$(TEST_HOST)";
				CODE_SIGN_STYLE = Automatic;
				CURRENT_PROJECT_VERSION = 1;
				DEVELOPMENT_TEAM = 5NAKQ28539;
				GENERATE_INFOPLIST_FILE = YES;
				IPHONEOS_DEPLOYMENT_TARGET = 16.4;
				MARKETING_VERSION = 1.0;
				PRODUCT_BUNDLE_IDENTIFIER = "com.vigvamcev-media.simbirsoftTests";
				PRODUCT_NAME = "$(TARGET_NAME)";
				SWIFT_EMIT_LOC_STRINGS = NO;
				SWIFT_VERSION = 5.0;
				TARGETED_DEVICE_FAMILY = "1,2";
				TEST_HOST = "$(BUILT_PRODUCTS_DIR)/simbirsoft.app/$(BUNDLE_EXECUTABLE_FOLDER_PATH)/simbirsoft";
			};
			name = Release;
		};
		CF33AD5F2A50249F00564F9E /* Debug */ = {
			isa = XCBuildConfiguration;
			baseConfigurationReference = 01C66A7C1F7B3F46F6C4F321 /* Pods-simbirsoft-simbirsoftUITests.debug.xcconfig */;
			buildSettings = {
				ALWAYS_EMBED_SWIFT_STANDARD_LIBRARIES = YES;
				CODE_SIGN_STYLE = Automatic;
				CURRENT_PROJECT_VERSION = 1;
				DEVELOPMENT_TEAM = 5NAKQ28539;
				GENERATE_INFOPLIST_FILE = YES;
				MARKETING_VERSION = 1.0;
				PRODUCT_BUNDLE_IDENTIFIER = "com.vigvamcev-media.simbirsoftUITests";
				PRODUCT_NAME = "$(TARGET_NAME)";
				SWIFT_EMIT_LOC_STRINGS = NO;
				SWIFT_VERSION = 5.0;
				TARGETED_DEVICE_FAMILY = "1,2";
				TEST_TARGET_NAME = simbirsoft;
			};
			name = Debug;
		};
		CF33AD602A50249F00564F9E /* Release */ = {
			isa = XCBuildConfiguration;
			baseConfigurationReference = 5F775D27583C3E8A5ED7B8D6 /* Pods-simbirsoft-simbirsoftUITests.release.xcconfig */;
			buildSettings = {
				ALWAYS_EMBED_SWIFT_STANDARD_LIBRARIES = YES;
				CODE_SIGN_STYLE = Automatic;
				CURRENT_PROJECT_VERSION = 1;
				DEVELOPMENT_TEAM = 5NAKQ28539;
				GENERATE_INFOPLIST_FILE = YES;
				MARKETING_VERSION = 1.0;
				PRODUCT_BUNDLE_IDENTIFIER = "com.vigvamcev-media.simbirsoftUITests";
				PRODUCT_NAME = "$(TARGET_NAME)";
				SWIFT_EMIT_LOC_STRINGS = NO;
				SWIFT_VERSION = 5.0;
				TARGETED_DEVICE_FAMILY = "1,2";
				TEST_TARGET_NAME = simbirsoft;
			};
			name = Release;
		};
/* End XCBuildConfiguration section */

/* Begin XCConfigurationList section */
		CF33AD262A50249D00564F9E /* Build configuration list for PBXProject "simbirsoft" */ = {
			isa = XCConfigurationList;
			buildConfigurations = (
				CF33AD562A50249F00564F9E /* Debug */,
				CF33AD572A50249F00564F9E /* Release */,
			);
			defaultConfigurationIsVisible = 0;
			defaultConfigurationName = Release;
		};
		CF33AD582A50249F00564F9E /* Build configuration list for PBXNativeTarget "simbirsoft" */ = {
			isa = XCConfigurationList;
			buildConfigurations = (
				CF33AD592A50249F00564F9E /* Debug */,
				CF33AD5A2A50249F00564F9E /* Release */,
			);
			defaultConfigurationIsVisible = 0;
			defaultConfigurationName = Release;
		};
		CF33AD5B2A50249F00564F9E /* Build configuration list for PBXNativeTarget "simbirsoftTests" */ = {
			isa = XCConfigurationList;
			buildConfigurations = (
				CF33AD5C2A50249F00564F9E /* Debug */,
				CF33AD5D2A50249F00564F9E /* Release */,
			);
			defaultConfigurationIsVisible = 0;
			defaultConfigurationName = Release;
		};
		CF33AD5E2A50249F00564F9E /* Build configuration list for PBXNativeTarget "simbirsoftUITests" */ = {
			isa = XCConfigurationList;
			buildConfigurations = (
				CF33AD5F2A50249F00564F9E /* Debug */,
				CF33AD602A50249F00564F9E /* Release */,
			);
			defaultConfigurationIsVisible = 0;
			defaultConfigurationName = Release;
		};
/* End XCConfigurationList section */

/* Begin XCVersionGroup section */
		CF33AD372A50249D00564F9E /* simbirsoft.xcdatamodeld */ = {
			isa = XCVersionGroup;
			children = (
				CF33AD382A50249D00564F9E /* simbirsoft.xcdatamodel */,
			);
			currentVersion = CF33AD382A50249D00564F9E /* simbirsoft.xcdatamodel */;
			path = simbirsoft.xcdatamodeld;
			sourceTree = "<group>";
			versionGroupType = wrapper.xcdatamodel;
		};
/* End XCVersionGroup section */
	};
	rootObject = CF33AD232A50249D00564F9E /* Project object */;
}
