// !$*UTF8*$!
{
	archiveVersion = 1;
	classes = {
	};
	objectVersion = 56;
	objects = {

/* Begin PBXBuildFile section */
		CF33AD2F2A50249D00564F9E /* AppDelegate.swift in Sources */ = {isa = PBXBuildFile; fileRef = CF33AD2E2A50249D00564F9E /* AppDelegate.swift */; };
		CF33AD312A50249D00564F9E /* SceneDelegate.swift in Sources */ = {isa = PBXBuildFile; fileRef = CF33AD302A50249D00564F9E /* SceneDelegate.swift */; };
		CF33AD332A50249D00564F9E /* ViewController.swift in Sources */ = {isa = PBXBuildFile; fileRef = CF33AD322A50249D00564F9E /* ViewController.swift */; };
		CF33AD362A50249D00564F9E /* Main.storyboard in Resources */ = {isa = PBXBuildFile; fileRef = CF33AD342A50249D00564F9E /* Main.storyboard */; };
		CF33AD392A50249D00564F9E /* simbirsoft.xcdatamodeld in Sources */ = {isa = PBXBuildFile; fileRef = CF33AD372A50249D00564F9E /* simbirsoft.xcdatamodeld */; };
		CF33AD3B2A50249E00564F9E /* Assets.xcassets in Resources */ = {isa = PBXBuildFile; fileRef = CF33AD3A2A50249E00564F9E /* Assets.xcassets */; };
		CF33AD3E2A50249E00564F9E /* LaunchScreen.storyboard in Resources */ = {isa = PBXBuildFile; fileRef = CF33AD3C2A50249E00564F9E /* LaunchScreen.storyboard */; };
		CF33AD492A50249F00564F9E /* simbirsoftTests.swift in Sources */ = {isa = PBXBuildFile; fileRef = CF33AD482A50249F00564F9E /* simbirsoftTests.swift */; };
		CF33AD532A50249F00564F9E /* simbirsoftUITests.swift in Sources */ = {isa = PBXBuildFile; fileRef = CF33AD522A50249F00564F9E /* simbirsoftUITests.swift */; };
		CF33AD552A50249F00564F9E /* simbirsoftUITestsLaunchTests.swift in Sources */ = {isa = PBXBuildFile; fileRef = CF33AD542A50249F00564F9E /* simbirsoftUITestsLaunchTests.swift */; };
/* End PBXBuildFile section */

/* Begin PBXContainerItemProxy section */
		CF33AD452A50249F00564F9E /* PBXContainerItemProxy */ = {
			isa = PBXContainerItemProxy;
			containerPortal = CF33AD232A50249D00564F9E /* Project object */;
			proxyType = 1;
			remoteGlobalIDString = CF33AD2A2A50249D00564F9E;
			remoteInfo = simbirsoft;
		};
		CF33AD4F2A50249F00564F9E /* PBXContainerItemProxy */ = {
			isa = PBXContainerItemProxy;
			containerPortal = CF33AD232A50249D00564F9E /* Project object */;
			proxyType = 1;
			remoteGlobalIDString = CF33AD2A2A50249D00564F9E;
			remoteInfo = simbirsoft;
		};
/* End PBXContainerItemProxy section */

/* Begin PBXFileReference section */
		CF33AD2B2A50249D00564F9E /* simbirsoft.app */ = {isa = PBXFileReference; explicitFileType = wrapper.application; includeInIndex = 0; path = simbirsoft.app; sourceTree = BUILT_PRODUCTS_DIR; };
		CF33AD2E2A50249D00564F9E /* AppDelegate.swift */ = {isa = PBXFileReference; lastKnownFileType = sourcecode.swift; path = AppDelegate.swift; sourceTree = "<group>"; };
		CF33AD302A50249D00564F9E /* SceneDelegate.swift */ = {isa = PBXFileReference; lastKnownFileType = sourcecode.swift; path = SceneDelegate.swift; sourceTree = "<group>"; };
		CF33AD322A50249D00564F9E /* ViewController.swift */ = {isa = PBXFileReference; lastKnownFileType = sourcecode.swift; path = ViewController.swift; sourceTree = "<group>"; };
		CF33AD352A50249D00564F9E /* Base */ = {isa = PBXFileReference; lastKnownFileType = file.storyboard; name = Base; path = Base.lproj/Main.storyboard; sourceTree = "<group>"; };
		CF33AD382A50249D00564F9E /* simbirsoft.xcdatamodel */ = {isa = PBXFileReference; lastKnownFileType = wrapper.xcdatamodel; path = simbirsoft.xcdatamodel; sourceTree = "<group>"; };
		CF33AD3A2A50249E00564F9E /* Assets.xcassets */ = {isa = PBXFileReference; lastKnownFileType = folder.assetcatalog; path = Assets.xcassets; sourceTree = "<group>"; };
		CF33AD3D2A50249E00564F9E /* Base */ = {isa = PBXFileReference; lastKnownFileType = file.storyboard; name = Base; path = Base.lproj/LaunchScreen.storyboard; sourceTree = "<group>"; };
		CF33AD3F2A50249E00564F9E /* Info.plist */ = {isa = PBXFileReference; lastKnownFileType = text.plist.xml; path = Info.plist; sourceTree = "<group>"; };
		CF33AD442A50249F00564F9E /* simbirsoftTests.xctest */ = {isa = PBXFileReference; explicitFileType = wrapper.cfbundle; includeInIndex = 0; path = simbirsoftTests.xctest; sourceTree = BUILT_PRODUCTS_DIR; };
		CF33AD482A50249F00564F9E /* simbirsoftTests.swift */ = {isa = PBXFileReference; lastKnownFileType = sourcecode.swift; path = simbirsoftTests.swift; sourceTree = "<group>"; };
		CF33AD4E2A50249F00564F9E /* simbirsoftUITests.xctest */ = {isa = PBXFileReference; explicitFileType = wrapper.cfbundle; includeInIndex = 0; path = simbirsoftUITests.xctest; sourceTree = BUILT_PRODUCTS_DIR; };
		CF33AD522A50249F00564F9E /* simbirsoftUITests.swift */ = {isa = PBXFileReference; lastKnownFileType = sourcecode.swift; path = simbirsoftUITests.swift; sourceTree = "<group>"; };
		CF33AD542A50249F00564F9E /* simbirsoftUITestsLaunchTests.swift */ = {isa = PBXFileReference; lastKnownFileType = sourcecode.swift; path = simbirsoftUITestsLaunchTests.swift; sourceTree = "<group>"; };
/* End PBXFileReference section */

/* Begin PBXFrameworksBuildPhase section */
		CF33AD282A50249D00564F9E /* Frameworks */ = {
			isa = PBXFrameworksBuildPhase;
			buildActionMask = 2147483647;
			files = (
			);
			runOnlyForDeploymentPostprocessing = 0;
		};
		CF33AD412A50249F00564F9E /* Frameworks */ = {
			isa = PBXFrameworksBuildPhase;
			buildActionMask = 2147483647;
			files = (
			);
			runOnlyForDeploymentPostprocessing = 0;
		};
		CF33AD4B2A50249F00564F9E /* Frameworks */ = {
			isa = PBXFrameworksBuildPhase;
			buildActionMask = 2147483647;
			files = (
			);
			runOnlyForDeploymentPostprocessing = 0;
		};
/* End PBXFrameworksBuildPhase section */

/* Begin PBXGroup section */
		CF33AD222A50249D00564F9E = {
			isa = PBXGroup;
			children = (
				CF33AD2D2A50249D00564F9E /* simbirsoft */,
				CF33AD472A50249F00564F9E /* simbirsoftTests */,
				CF33AD512A50249F00564F9E /* simbirsoftUITests */,
				CF33AD2C2A50249D00564F9E /* Products */,
			);
			sourceTree = "<group>";
		};
		CF33AD2C2A50249D00564F9E /* Products */ = {
			isa = PBXGroup;
			children = (
				CF33AD2B2A50249D00564F9E /* simbirsoft.app */,
				CF33AD442A50249F00564F9E /* simbirsoftTests.xctest */,
				CF33AD4E2A50249F00564F9E /* simbirsoftUITests.xctest */,
			);
			name = Products;
			sourceTree = "<group>";
		};
		CF33AD2D2A50249D00564F9E /* simbirsoft */ = {
			isa = PBXGroup;
			children = (
				CF33AD2E2A50249D00564F9E /* AppDelegate.swift */,
				CF33AD302A50249D00564F9E /* SceneDelegate.swift */,
				CF33AD322A50249D00564F9E /* ViewController.swift */,
				CF33AD342A50249D00564F9E /* Main.storyboard */,
				CF33AD3A2A50249E00564F9E /* Assets.xcassets */,
				CF33AD3C2A50249E00564F9E /* LaunchScreen.storyboard */,
				CF33AD3F2A50249E00564F9E /* Info.plist */,
				CF33AD372A50249D00564F9E /* simbirsoft.xcdatamodeld */,
			);
			path = simbirsoft;
			sourceTree = "<group>";
		};
		CF33AD472A50249F00564F9E /* simbirsoftTests */ = {
			isa = PBXGroup;
			children = (
				CF33AD482A50249F00564F9E /* simbirsoftTests.swift */,
			);
			path = simbirsoftTests;
			sourceTree = "<group>";
		};
		CF33AD512A50249F00564F9E /* simbirsoftUITests */ = {
			isa = PBXGroup;
			children = (
				CF33AD522A50249F00564F9E /* simbirsoftUITests.swift */,
				CF33AD542A50249F00564F9E /* simbirsoftUITestsLaunchTests.swift */,
			);
			path = simbirsoftUITests;
			sourceTree = "<group>";
		};
/* End PBXGroup section */

/* Begin PBXNativeTarget section */
		CF33AD2A2A50249D00564F9E /* simbirsoft */ = {
			isa = PBXNativeTarget;
			buildConfigurationList = CF33AD582A50249F00564F9E /* Build configuration list for PBXNativeTarget "simbirsoft" */;
			buildPhases = (
				CF33AD272A50249D00564F9E /* Sources */,
				CF33AD282A50249D00564F9E /* Frameworks */,
				CF33AD292A50249D00564F9E /* Resources */,
			);
			buildRules = (
			);
			dependencies = (
			);
			name = simbirsoft;
			productName = simbirsoft;
			productReference = CF33AD2B2A50249D00564F9E /* simbirsoft.app */;
			productType = "com.apple.product-type.application";
		};
		CF33AD432A50249F00564F9E /* simbirsoftTests */ = {
			isa = PBXNativeTarget;
			buildConfigurationList = CF33AD5B2A50249F00564F9E /* Build configuration list for PBXNativeTarget "simbirsoftTests" */;
			buildPhases = (
				CF33AD402A50249F00564F9E /* Sources */,
				CF33AD412A50249F00564F9E /* Frameworks */,
				CF33AD422A50249F00564F9E /* Resources */,
			);
			buildRules = (
			);
			dependencies = (
				CF33AD462A50249F00564F9E /* PBXTargetDependency */,
			);
			name = simbirsoftTests;
			productName = simbirsoftTests;
			productReference = CF33AD442A50249F00564F9E /* simbirsoftTests.xctest */;
			productType = "com.apple.product-type.bundle.unit-test";
		};
		CF33AD4D2A50249F00564F9E /* simbirsoftUITests */ = {
			isa = PBXNativeTarget;
			buildConfigurationList = CF33AD5E2A50249F00564F9E /* Build configuration list for PBXNativeTarget "simbirsoftUITests" */;
			buildPhases = (
				CF33AD4A2A50249F00564F9E /* Sources */,
				CF33AD4B2A50249F00564F9E /* Frameworks */,
				CF33AD4C2A50249F00564F9E /* Resources */,
			);
			buildRules = (
			);
			dependencies = (
				CF33AD502A50249F00564F9E /* PBXTargetDependency */,
			);
			name = simbirsoftUITests;
			productName = simbirsoftUITests;
			productReference = CF33AD4E2A50249F00564F9E /* simbirsoftUITests.xctest */;
			productType = "com.apple.product-type.bundle.ui-testing";
		};
/* End PBXNativeTarget section */

/* Begin PBXProject section */
		CF33AD232A50249D00564F9E /* Project object */ = {
			isa = PBXProject;
			attributes = {
				BuildIndependentTargetsInParallel = 1;
				LastSwiftUpdateCheck = 1430;
				LastUpgradeCheck = 1430;
				TargetAttributes = {
					CF33AD2A2A50249D00564F9E = {
						CreatedOnToolsVersion = 14.3;
					};
					CF33AD432A50249F00564F9E = {
						CreatedOnToolsVersion = 14.3;
						TestTargetID = CF33AD2A2A50249D00564F9E;
					};
					CF33AD4D2A50249F00564F9E = {
						CreatedOnToolsVersion = 14.3;
						TestTargetID = CF33AD2A2A50249D00564F9E;
					};
				};
			};
			buildConfigurationList = CF33AD262A50249D00564F9E /* Build configuration list for PBXProject "simbirsoft" */;
			compatibilityVersion = "Xcode 14.0";
			developmentRegion = en;
			hasScannedForEncodings = 0;
			knownRegions = (
				en,
				Base,
			);
			mainGroup = CF33AD222A50249D00564F9E;
			productRefGroup = CF33AD2C2A50249D00564F9E /* Products */;
			projectDirPath = "";
			projectRoot = "";
			targets = (
				CF33AD2A2A50249D00564F9E /* simbirsoft */,
				CF33AD432A50249F00564F9E /* simbirsoftTests */,
				CF33AD4D2A50249F00564F9E /* simbirsoftUITests */,
			);
		};
/* End PBXProject section */

/* Begin PBXResourcesBuildPhase section */
		CF33AD292A50249D00564F9E /* Resources */ = {
			isa = PBXResourcesBuildPhase;
			buildActionMask = 2147483647;
			files = (
				CF33AD3E2A50249E00564F9E /* LaunchScreen.storyboard in Resources */,
				CF33AD3B2A50249E00564F9E /* Assets.xcassets in Resources */,
				CF33AD362A50249D00564F9E /* Main.storyboard in Resources */,
			);
			runOnlyForDeploymentPostprocessing = 0;
		};
		CF33AD422A50249F00564F9E /* Resources */ = {
			isa = PBXResourcesBuildPhase;
			buildActionMask = 2147483647;
			files = (
			);
			runOnlyForDeploymentPostprocessing = 0;
		};
		CF33AD4C2A50249F00564F9E /* Resources */ = {
			isa = PBXResourcesBuildPhase;
			buildActionMask = 2147483647;
			files = (
			);
			runOnlyForDeploymentPostprocessing = 0;
		};
/* End PBXResourcesBuildPhase section */

/* Begin PBXSourcesBuildPhase section */
		CF33AD272A50249D00564F9E /* Sources */ = {
			isa = PBXSourcesBuildPhase;
			buildActionMask = 2147483647;
			files = (
				CF33AD332A50249D00564F9E /* ViewController.swift in Sources */,
				CF33AD392A50249D00564F9E /* simbirsoft.xcdatamodeld in Sources */,
				CF33AD2F2A50249D00564F9E /* AppDelegate.swift in Sources */,
				CF33AD312A50249D00564F9E /* SceneDelegate.swift in Sources */,
			);
			runOnlyForDeploymentPostprocessing = 0;
		};
		CF33AD402A50249F00564F9E /* Sources */ = {
			isa = PBXSourcesBuildPhase;
			buildActionMask = 2147483647;
			files = (
				CF33AD492A50249F00564F9E /* simbirsoftTests.swift in Sources */,
			);
			runOnlyForDeploymentPostprocessing = 0;
		};
		CF33AD4A2A50249F00564F9E /* Sources */ = {
			isa = PBXSourcesBuildPhase;
			buildActionMask = 2147483647;
			files = (
				CF33AD552A50249F00564F9E /* simbirsoftUITestsLaunchTests.swift in Sources */,
				CF33AD532A50249F00564F9E /* simbirsoftUITests.swift in Sources */,
			);
			runOnlyForDeploymentPostprocessing = 0;
		};
/* End PBXSourcesBuildPhase section */

/* Begin PBXTargetDependency section */
		CF33AD462A50249F00564F9E /* PBXTargetDependency */ = {
			isa = PBXTargetDependency;
			target = CF33AD2A2A50249D00564F9E /* simbirsoft */;
			targetProxy = CF33AD452A50249F00564F9E /* PBXContainerItemProxy */;
		};
		CF33AD502A50249F00564F9E /* PBXTargetDependency */ = {
			isa = PBXTargetDependency;
			target = CF33AD2A2A50249D00564F9E /* simbirsoft */;
			targetProxy = CF33AD4F2A50249F00564F9E /* PBXContainerItemProxy */;
		};
/* End PBXTargetDependency section */

/* Begin PBXVariantGroup section */
		CF33AD342A50249D00564F9E /* Main.storyboard */ = {
			isa = PBXVariantGroup;
			children = (
				CF33AD352A50249D00564F9E /* Base */,
			);
			name = Main.storyboard;
			sourceTree = "<group>";
		};
		CF33AD3C2A50249E00564F9E /* LaunchScreen.storyboard */ = {
			isa = PBXVariantGroup;
			children = (
				CF33AD3D2A50249E00564F9E /* Base */,
			);
			name = LaunchScreen.storyboard;
			sourceTree = "<group>";
		};
/* End PBXVariantGroup section */

/* Begin XCBuildConfiguration section */
		CF33AD562A50249F00564F9E /* Debug */ = {
			isa = XCBuildConfiguration;
			buildSettings = {
				ALWAYS_SEARCH_USER_PATHS = NO;
				CLANG_ANALYZER_NONNULL = YES;
				CLANG_ANALYZER_NUMBER_OBJECT_CONVERSION = YES_AGGRESSIVE;
				CLANG_CXX_LANGUAGE_STANDARD = "gnu++20";
				CLANG_ENABLE_MODULES = YES;
				CLANG_ENABLE_OBJC_ARC = YES;
				CLANG_ENABLE_OBJC_WEAK = YES;
				CLANG_WARN_BLOCK_CAPTURE_AUTORELEASING = YES;
				CLANG_WARN_BOOL_CONVERSION = YES;
				CLANG_WARN_COMMA = YES;
				CLANG_WARN_CONSTANT_CONVERSION = YES;
				CLANG_WARN_DEPRECATED_OBJC_IMPLEMENTATIONS = YES;
				CLANG_WARN_DIRECT_OBJC_ISA_USAGE = YES_ERROR;
				CLANG_WARN_DOCUMENTATION_COMMENTS = YES;
				CLANG_WARN_EMPTY_BODY = YES;
				CLANG_WARN_ENUM_CONVERSION = YES;
				CLANG_WARN_INFINITE_RECURSION = YES;
				CLANG_WARN_INT_CONVERSION = YES;
				CLANG_WARN_NON_LITERAL_NULL_CONVERSION = YES;
				CLANG_WARN_OBJC_IMPLICIT_RETAIN_SELF = YES;
				CLANG_WARN_OBJC_LITERAL_CONVERSION = YES;
				CLANG_WARN_OBJC_ROOT_CLASS = YES_ERROR;
				CLANG_WARN_QUOTED_INCLUDE_IN_FRAMEWORK_HEADER = YES;
				CLANG_WARN_RANGE_LOOP_ANALYSIS = YES;
				CLANG_WARN_STRICT_PROTOTYPES = YES;
				CLANG_WARN_SUSPICIOUS_MOVE = YES;
				CLANG_WARN_UNGUARDED_AVAILABILITY = YES_AGGRESSIVE;
				CLANG_WARN_UNREACHABLE_CODE = YES;
				CLANG_WARN__DUPLICATE_METHOD_MATCH = YES;
				COPY_PHASE_STRIP = NO;
				DEBUG_INFORMATION_FORMAT = dwarf;
				ENABLE_STRICT_OBJC_MSGSEND = YES;
				ENABLE_TESTABILITY = YES;
				GCC_C_LANGUAGE_STANDARD = gnu11;
				GCC_DYNAMIC_NO_PIC = NO;
				GCC_NO_COMMON_BLOCKS = YES;
				GCC_OPTIMIZATION_LEVEL = 0;
				GCC_PREPROCESSOR_DEFINITIONS = (
					"DEBUG=1",
					"$(inherited)",
				);
				GCC_WARN_64_TO_32_BIT_CONVERSION = YES;
				GCC_WARN_ABOUT_RETURN_TYPE = YES_ERROR;
				GCC_WARN_UNDECLARED_SELECTOR = YES;
				GCC_WARN_UNINITIALIZED_AUTOS = YES_AGGRESSIVE;
				GCC_WARN_UNUSED_FUNCTION = YES;
				GCC_WARN_UNUSED_VARIABLE = YES;
				IPHONEOS_DEPLOYMENT_TARGET = 16.4;
				MTL_ENABLE_DEBUG_INFO = INCLUDE_SOURCE;
				MTL_FAST_MATH = YES;
				ONLY_ACTIVE_ARCH = YES;
				SDKROOT = iphoneos;
				SWIFT_ACTIVE_COMPILATION_CONDITIONS = DEBUG;
				SWIFT_OPTIMIZATION_LEVEL = "-Onone";
			};
			name = Debug;
		};
		CF33AD572A50249F00564F9E /* Release */ = {
			isa = XCBuildConfiguration;
			buildSettings = {
				ALWAYS_SEARCH_USER_PATHS = NO;
				CLANG_ANALYZER_NONNULL = YES;
				CLANG_ANALYZER_NUMBER_OBJECT_CONVERSION = YES_AGGRESSIVE;
				CLANG_CXX_LANGUAGE_STANDARD = "gnu++20";
				CLANG_ENABLE_MODULES = YES;
				CLANG_ENABLE_OBJC_ARC = YES;
				CLANG_ENABLE_OBJC_WEAK = YES;
				CLANG_WARN_BLOCK_CAPTURE_AUTORELEASING = YES;
				CLANG_WARN_BOOL_CONVERSION = YES;
				CLANG_WARN_COMMA = YES;
				CLANG_WARN_CONSTANT_CONVERSION = YES;
				CLANG_WARN_DEPRECATED_OBJC_IMPLEMENTATIONS = YES;
				CLANG_WARN_DIRECT_OBJC_ISA_USAGE = YES_ERROR;
				CLANG_WARN_DOCUMENTATION_COMMENTS = YES;
				CLANG_WARN_EMPTY_BODY = YES;
				CLANG_WARN_ENUM_CONVERSION = YES;
				CLANG_WARN_INFINITE_RECURSION = YES;
				CLANG_WARN_INT_CONVERSION = YES;
				CLANG_WARN_NON_LITERAL_NULL_CONVERSION = YES;
				CLANG_WARN_OBJC_IMPLICIT_RETAIN_SELF = YES;
				CLANG_WARN_OBJC_LITERAL_CONVERSION = YES;
				CLANG_WARN_OBJC_ROOT_CLASS = YES_ERROR;
				CLANG_WARN_QUOTED_INCLUDE_IN_FRAMEWORK_HEADER = YES;
				CLANG_WARN_RANGE_LOOP_ANALYSIS = YES;
				CLANG_WARN_STRICT_PROTOTYPES = YES;
				CLANG_WARN_SUSPICIOUS_MOVE = YES;
				CLANG_WARN_UNGUARDED_AVAILABILITY = YES_AGGRESSIVE;
				CLANG_WARN_UNREACHABLE_CODE = YES;
				CLANG_WARN__DUPLICATE_METHOD_MATCH = YES;
				COPY_PHASE_STRIP = NO;
				DEBUG_INFORMATION_FORMAT = "dwarf-with-dsym";
				ENABLE_NS_ASSERTIONS = NO;
				ENABLE_STRICT_OBJC_MSGSEND = YES;
				GCC_C_LANGUAGE_STANDARD = gnu11;
				GCC_NO_COMMON_BLOCKS = YES;
				GCC_WARN_64_TO_32_BIT_CONVERSION = YES;
				GCC_WARN_ABOUT_RETURN_TYPE = YES_ERROR;
				GCC_WARN_UNDECLARED_SELECTOR = YES;
				GCC_WARN_UNINITIALIZED_AUTOS = YES_AGGRESSIVE;
				GCC_WARN_UNUSED_FUNCTION = YES;
				GCC_WARN_UNUSED_VARIABLE = YES;
				IPHONEOS_DEPLOYMENT_TARGET = 16.4;
				MTL_ENABLE_DEBUG_INFO = NO;
				MTL_FAST_MATH = YES;
				SDKROOT = iphoneos;
				SWIFT_COMPILATION_MODE = wholemodule;
				SWIFT_OPTIMIZATION_LEVEL = "-O";
				VALIDATE_PRODUCT = YES;
			};
			name = Release;
		};
		CF33AD592A50249F00564F9E /* Debug */ = {
			isa = XCBuildConfiguration;
			buildSettings = {
				ASSETCATALOG_COMPILER_APPICON_NAME = AppIcon;
				ASSETCATALOG_COMPILER_GLOBAL_ACCENT_COLOR_NAME = AccentColor;
				CODE_SIGN_STYLE = Automatic;
				CURRENT_PROJECT_VERSION = 1;
				DEVELOPMENT_TEAM = 5NAKQ28539;
				GENERATE_INFOPLIST_FILE = YES;
				INFOPLIST_FILE = simbirsoft/Info.plist;
				INFOPLIST_KEY_UIApplicationSupportsIndirectInputEvents = YES;
				INFOPLIST_KEY_UILaunchStoryboardName = LaunchScreen;
				INFOPLIST_KEY_UIMainStoryboardFile = Main;
				INFOPLIST_KEY_UISupportedInterfaceOrientations_iPad = "UIInterfaceOrientationPortrait UIInterfaceOrientationPortraitUpsideDown UIInterfaceOrientationLandscapeLeft UIInterfaceOrientationLandscapeRight";
				INFOPLIST_KEY_UISupportedInterfaceOrientations_iPhone = "UIInterfaceOrientationPortrait UIInterfaceOrientationLandscapeLeft UIInterfaceOrientationLandscapeRight";
				LD_RUNPATH_SEARCH_PATHS = (
					"$(inherited)",
					"@executable_path/Frameworks",
				);
				MARKETING_VERSION = 1.0;
				PRODUCT_BUNDLE_IDENTIFIER = "com.vigvamcev-media.simbirsoft";
				PRODUCT_NAME = "$(TARGET_NAME)";
				SWIFT_EMIT_LOC_STRINGS = YES;
				SWIFT_VERSION = 5.0;
				TARGETED_DEVICE_FAMILY = "1,2";
			};
			name = Debug;
		};
		CF33AD5A2A50249F00564F9E /* Release */ = {
			isa = XCBuildConfiguration;
			buildSettings = {
				ASSETCATALOG_COMPILER_APPICON_NAME = AppIcon;
				ASSETCATALOG_COMPILER_GLOBAL_ACCENT_COLOR_NAME = AccentColor;
				CODE_SIGN_STYLE = Automatic;
				CURRENT_PROJECT_VERSION = 1;
				DEVELOPMENT_TEAM = 5NAKQ28539;
				GENERATE_INFOPLIST_FILE = YES;
				INFOPLIST_FILE = simbirsoft/Info.plist;
				INFOPLIST_KEY_UIApplicationSupportsIndirectInputEvents = YES;
				INFOPLIST_KEY_UILaunchStoryboardName = LaunchScreen;
				INFOPLIST_KEY_UIMainStoryboardFile = Main;
				INFOPLIST_KEY_UISupportedInterfaceOrientations_iPad = "UIInterfaceOrientationPortrait UIInterfaceOrientationPortraitUpsideDown UIInterfaceOrientationLandscapeLeft UIInterfaceOrientationLandscapeRight";
				INFOPLIST_KEY_UISupportedInterfaceOrientations_iPhone = "UIInterfaceOrientationPortrait UIInterfaceOrientationLandscapeLeft UIInterfaceOrientationLandscapeRight";
				LD_RUNPATH_SEARCH_PATHS = (
					"$(inherited)",
					"@executable_path/Frameworks",
				);
				MARKETING_VERSION = 1.0;
				PRODUCT_BUNDLE_IDENTIFIER = "com.vigvamcev-media.simbirsoft";
				PRODUCT_NAME = "$(TARGET_NAME)";
				SWIFT_EMIT_LOC_STRINGS = YES;
				SWIFT_VERSION = 5.0;
				TARGETED_DEVICE_FAMILY = "1,2";
			};
			name = Release;
		};
		CF33AD5C2A50249F00564F9E /* Debug */ = {
			isa = XCBuildConfiguration;
			buildSettings = {
				ALWAYS_EMBED_SWIFT_STANDARD_LIBRARIES = YES;
				BUNDLE_LOADER = "$(TEST_HOST)";
				CODE_SIGN_STYLE = Automatic;
				CURRENT_PROJECT_VERSION = 1;
				DEVELOPMENT_TEAM = 5NAKQ28539;
				GENERATE_INFOPLIST_FILE = YES;
				IPHONEOS_DEPLOYMENT_TARGET = 16.4;
				MARKETING_VERSION = 1.0;
				PRODUCT_BUNDLE_IDENTIFIER = "com.vigvamcev-media.simbirsoftTests";
				PRODUCT_NAME = "$(TARGET_NAME)";
				SWIFT_EMIT_LOC_STRINGS = NO;
				SWIFT_VERSION = 5.0;
				TARGETED_DEVICE_FAMILY = "1,2";
				TEST_HOST = "$(BUILT_PRODUCTS_DIR)/simbirsoft.app/$(BUNDLE_EXECUTABLE_FOLDER_PATH)/simbirsoft";
			};
			name = Debug;
		};
		CF33AD5D2A50249F00564F9E /* Release */ = {
			isa = XCBuildConfiguration;
			buildSettings = {
				ALWAYS_EMBED_SWIFT_STANDARD_LIBRARIES = YES;
				BUNDLE_LOADER = "$(TEST_HOST)";
				CODE_SIGN_STYLE = Automatic;
				CURRENT_PROJECT_VERSION = 1;
				DEVELOPMENT_TEAM = 5NAKQ28539;
				GENERATE_INFOPLIST_FILE = YES;
				IPHONEOS_DEPLOYMENT_TARGET = 16.4;
				MARKETING_VERSION = 1.0;
				PRODUCT_BUNDLE_IDENTIFIER = "com.vigvamcev-media.simbirsoftTests";
				PRODUCT_NAME = "$(TARGET_NAME)";
				SWIFT_EMIT_LOC_STRINGS = NO;
				SWIFT_VERSION = 5.0;
				TARGETED_DEVICE_FAMILY = "1,2";
				TEST_HOST = "$(BUILT_PRODUCTS_DIR)/simbirsoft.app/$(BUNDLE_EXECUTABLE_FOLDER_PATH)/simbirsoft";
			};
			name = Release;
		};
		CF33AD5F2A50249F00564F9E /* Debug */ = {
			isa = XCBuildConfiguration;
			buildSettings = {
				ALWAYS_EMBED_SWIFT_STANDARD_LIBRARIES = YES;
				CODE_SIGN_STYLE = Automatic;
				CURRENT_PROJECT_VERSION = 1;
				DEVELOPMENT_TEAM = 5NAKQ28539;
				GENERATE_INFOPLIST_FILE = YES;
				MARKETING_VERSION = 1.0;
				PRODUCT_BUNDLE_IDENTIFIER = "com.vigvamcev-media.simbirsoftUITests";
				PRODUCT_NAME = "$(TARGET_NAME)";
				SWIFT_EMIT_LOC_STRINGS = NO;
				SWIFT_VERSION = 5.0;
				TARGETED_DEVICE_FAMILY = "1,2";
				TEST_TARGET_NAME = simbirsoft;
			};
			name = Debug;
		};
		CF33AD602A50249F00564F9E /* Release */ = {
			isa = XCBuildConfiguration;
			buildSettings = {
				ALWAYS_EMBED_SWIFT_STANDARD_LIBRARIES = YES;
				CODE_SIGN_STYLE = Automatic;
				CURRENT_PROJECT_VERSION = 1;
				DEVELOPMENT_TEAM = 5NAKQ28539;
				GENERATE_INFOPLIST_FILE = YES;
				MARKETING_VERSION = 1.0;
				PRODUCT_BUNDLE_IDENTIFIER = "com.vigvamcev-media.simbirsoftUITests";
				PRODUCT_NAME = "$(TARGET_NAME)";
				SWIFT_EMIT_LOC_STRINGS = NO;
				SWIFT_VERSION = 5.0;
				TARGETED_DEVICE_FAMILY = "1,2";
				TEST_TARGET_NAME = simbirsoft;
			};
			name = Release;
		};
/* End XCBuildConfiguration section */

/* Begin XCConfigurationList section */
		CF33AD262A50249D00564F9E /* Build configuration list for PBXProject "simbirsoft" */ = {
			isa = XCConfigurationList;
			buildConfigurations = (
				CF33AD562A50249F00564F9E /* Debug */,
				CF33AD572A50249F00564F9E /* Release */,
			);
			defaultConfigurationIsVisible = 0;
			defaultConfigurationName = Release;
		};
		CF33AD582A50249F00564F9E /* Build configuration list for PBXNativeTarget "simbirsoft" */ = {
			isa = XCConfigurationList;
			buildConfigurations = (
				CF33AD592A50249F00564F9E /* Debug */,
				CF33AD5A2A50249F00564F9E /* Release */,
			);
			defaultConfigurationIsVisible = 0;
			defaultConfigurationName = Release;
		};
		CF33AD5B2A50249F00564F9E /* Build configuration list for PBXNativeTarget "simbirsoftTests" */ = {
			isa = XCConfigurationList;
			buildConfigurations = (
				CF33AD5C2A50249F00564F9E /* Debug */,
				CF33AD5D2A50249F00564F9E /* Release */,
			);
			defaultConfigurationIsVisible = 0;
			defaultConfigurationName = Release;
		};
		CF33AD5E2A50249F00564F9E /* Build configuration list for PBXNativeTarget "simbirsoftUITests" */ = {
			isa = XCConfigurationList;
			buildConfigurations = (
				CF33AD5F2A50249F00564F9E /* Debug */,
				CF33AD602A50249F00564F9E /* Release */,
			);
			defaultConfigurationIsVisible = 0;
			defaultConfigurationName = Release;
		};
/* End XCConfigurationList section */

/* Begin XCVersionGroup section */
		CF33AD372A50249D00564F9E /* simbirsoft.xcdatamodeld */ = {
			isa = XCVersionGroup;
			children = (
				CF33AD382A50249D00564F9E /* simbirsoft.xcdatamodel */,
			);
			currentVersion = CF33AD382A50249D00564F9E /* simbirsoft.xcdatamodel */;
			path = simbirsoft.xcdatamodeld;
			sourceTree = "<group>";
			versionGroupType = wrapper.xcdatamodel;
		};
/* End XCVersionGroup section */
	};
	rootObject = CF33AD232A50249D00564F9E /* Project object */;
}
